
Microsoft Visual Studio Solution File, Format Version 12.00
# Visual Studio Version 17
VisualStudioVersion = 17.5.33627.172
MinimumVisualStudioVersion = 10.0.40219.1
Project("{FAE04EC0-301F-11D3-BF4B-00C04F79EFBC}") = "Лаба 8", "Лаба 8\Лаба 8.csproj", "{BA0ADC21-1D3E-4D38-9847-5801FE949775}"
EndProject
Global
	GlobalSection(SolutionConfigurationPlatforms) = preSolution
		Debug|Any CPU = Debug|Any CPU
		Release|Any CPU = Release|Any CPU
	EndGlobalSection
	GlobalSection(ProjectConfigurationPlatforms) = postSolution
		{BA0ADC21-1D3E-4D38-9847-5801FE949775}.Debug|Any CPU.ActiveCfg = Debug|Any CPU
		{BA0ADC21-1D3E-4D38-9847-5801FE949775}.Debug|Any CPU.Build.0 = Debug|Any CPU
		{BA0ADC21-1D3E-4D38-9847-5801FE949775}.Release|Any CPU.ActiveCfg = Release|Any CPU
		{BA0ADC21-1D3E-4D38-9847-5801FE949775}.Release|Any CPU.Build.0 = Release|Any CPU
	EndGlobalSection
	GlobalSection(SolutionProperties) = preSolution
		HideSolutionNode = FALSE
	EndGlobalSection
	GlobalSection(ExtensibilityGlobals) = postSolution
		SolutionGuid = {0CFEE8CE-D138-4FFA-9B7F-9D12C3926766}
	EndGlobalSection
EndGlobal
